
Microsoft Visual Studio Solution File, Format Version 12.00
# Visual Studio 15
VisualStudioVersion = 15.0.26124.0
MinimumVisualStudioVersion = 15.0.26124.0
Project("{2150E333-8FDC-42A3-9474-1A3956D46DE8}") = "ViewLayer", "ViewLayer", "{BF2778B8-5CAD-492D-9D8A-44D462007EA0}"
EndProject
Project("{FAE04EC0-301F-11D3-BF4B-00C04F79EFBC}") = "ViewLayer", "ViewLayer\src\ViewLayer.csproj", "{90E4E75C-2244-49F1-959B-87C7234D26FF}"
EndProject
Project("{FAE04EC0-301F-11D3-BF4B-00C04F79EFBC}") = "ViewLayer.Test", "ViewLayer\test\ViewLayer.Test.csproj", "{81F1DF57-1792-49D2-B609-286900EC936B}"
EndProject
Project("{2150E333-8FDC-42A3-9474-1A3956D46DE8}") = "DBLayer", "DBLayer", "{E91B12F6-E2FE-4811-893F-FFD07CF28BB8}"
EndProject
Project("{FAE04EC0-301F-11D3-BF4B-00C04F79EFBC}") = "DBLayer", "DBLayer\src\DBLayer.csproj", "{7A0F565D-6B46-47B3-95B1-87F3F64F411E}"
EndProject
Project("{FAE04EC0-301F-11D3-BF4B-00C04F79EFBC}") = "DBLayer.Tests", "DBLayer\test\DBLayer.Tests.csproj", "{4493E9F7-5E5B-4EC1-B0E8-4B2D429DF66F}"
EndProject
Project("{2150E333-8FDC-42A3-9474-1A3956D46DE8}") = "ServiceLayer", "ServiceLayer", "{AFE9858B-584F-4E16-966C-6796F2D4E2DE}"
EndProject
Project("{FAE04EC0-301F-11D3-BF4B-00C04F79EFBC}") = "ServiceLayer", "ServiceLayer\src\ServiceLayer.csproj", "{1885E57D-B566-4042-8C83-359AFB28D2DA}"
EndProject
Project("{FAE04EC0-301F-11D3-BF4B-00C04F79EFBC}") = "ServiceLayer.Tests", "ServiceLayer\test\ServiceLayer.Tests.csproj", "{4EFED9C5-BE25-4F21-98A5-756E6AC54212}"
EndProject
Global
	GlobalSection(SolutionConfigurationPlatforms) = preSolution
		Debug|Any CPU = Debug|Any CPU
		Debug|x64 = Debug|x64
		Debug|x86 = Debug|x86
		Release|Any CPU = Release|Any CPU
		Release|x64 = Release|x64
		Release|x86 = Release|x86
	EndGlobalSection
	GlobalSection(SolutionProperties) = preSolution
		HideSolutionNode = FALSE
	EndGlobalSection
	GlobalSection(ProjectConfigurationPlatforms) = postSolution
		{90E4E75C-2244-49F1-959B-87C7234D26FF}.Debug|Any CPU.ActiveCfg = Debug|Any CPU
		{90E4E75C-2244-49F1-959B-87C7234D26FF}.Debug|Any CPU.Build.0 = Debug|Any CPU
		{90E4E75C-2244-49F1-959B-87C7234D26FF}.Debug|x64.ActiveCfg = Debug|Any CPU
		{90E4E75C-2244-49F1-959B-87C7234D26FF}.Debug|x64.Build.0 = Debug|Any CPU
		{90E4E75C-2244-49F1-959B-87C7234D26FF}.Debug|x86.ActiveCfg = Debug|Any CPU
		{90E4E75C-2244-49F1-959B-87C7234D26FF}.Debug|x86.Build.0 = Debug|Any CPU
		{90E4E75C-2244-49F1-959B-87C7234D26FF}.Release|Any CPU.ActiveCfg = Release|Any CPU
		{90E4E75C-2244-49F1-959B-87C7234D26FF}.Release|Any CPU.Build.0 = Release|Any CPU
		{90E4E75C-2244-49F1-959B-87C7234D26FF}.Release|x64.ActiveCfg = Release|Any CPU
		{90E4E75C-2244-49F1-959B-87C7234D26FF}.Release|x64.Build.0 = Release|Any CPU
		{90E4E75C-2244-49F1-959B-87C7234D26FF}.Release|x86.ActiveCfg = Release|Any CPU
		{90E4E75C-2244-49F1-959B-87C7234D26FF}.Release|x86.Build.0 = Release|Any CPU
		{81F1DF57-1792-49D2-B609-286900EC936B}.Debug|Any CPU.ActiveCfg = Debug|Any CPU
		{81F1DF57-1792-49D2-B609-286900EC936B}.Debug|Any CPU.Build.0 = Debug|Any CPU
		{81F1DF57-1792-49D2-B609-286900EC936B}.Debug|x64.ActiveCfg = Debug|Any CPU
		{81F1DF57-1792-49D2-B609-286900EC936B}.Debug|x64.Build.0 = Debug|Any CPU
		{81F1DF57-1792-49D2-B609-286900EC936B}.Debug|x86.ActiveCfg = Debug|Any CPU
		{81F1DF57-1792-49D2-B609-286900EC936B}.Debug|x86.Build.0 = Debug|Any CPU
		{81F1DF57-1792-49D2-B609-286900EC936B}.Release|Any CPU.ActiveCfg = Release|Any CPU
		{81F1DF57-1792-49D2-B609-286900EC936B}.Release|Any CPU.Build.0 = Release|Any CPU
		{81F1DF57-1792-49D2-B609-286900EC936B}.Release|x64.ActiveCfg = Release|Any CPU
		{81F1DF57-1792-49D2-B609-286900EC936B}.Release|x64.Build.0 = Release|Any CPU
		{81F1DF57-1792-49D2-B609-286900EC936B}.Release|x86.ActiveCfg = Release|Any CPU
		{81F1DF57-1792-49D2-B609-286900EC936B}.Release|x86.Build.0 = Release|Any CPU
		{7A0F565D-6B46-47B3-95B1-87F3F64F411E}.Debug|Any CPU.ActiveCfg = Debug|Any CPU
		{7A0F565D-6B46-47B3-95B1-87F3F64F411E}.Debug|Any CPU.Build.0 = Debug|Any CPU
		{7A0F565D-6B46-47B3-95B1-87F3F64F411E}.Debug|x64.ActiveCfg = Debug|Any CPU
		{7A0F565D-6B46-47B3-95B1-87F3F64F411E}.Debug|x64.Build.0 = Debug|Any CPU
		{7A0F565D-6B46-47B3-95B1-87F3F64F411E}.Debug|x86.ActiveCfg = Debug|Any CPU
		{7A0F565D-6B46-47B3-95B1-87F3F64F411E}.Debug|x86.Build.0 = Debug|Any CPU
		{7A0F565D-6B46-47B3-95B1-87F3F64F411E}.Release|Any CPU.ActiveCfg = Release|Any CPU
		{7A0F565D-6B46-47B3-95B1-87F3F64F411E}.Release|Any CPU.Build.0 = Release|Any CPU
		{7A0F565D-6B46-47B3-95B1-87F3F64F411E}.Release|x64.ActiveCfg = Release|Any CPU
		{7A0F565D-6B46-47B3-95B1-87F3F64F411E}.Release|x64.Build.0 = Release|Any CPU
		{7A0F565D-6B46-47B3-95B1-87F3F64F411E}.Release|x86.ActiveCfg = Release|Any CPU
		{7A0F565D-6B46-47B3-95B1-87F3F64F411E}.Release|x86.Build.0 = Release|Any CPU
		{4493E9F7-5E5B-4EC1-B0E8-4B2D429DF66F}.Debug|Any CPU.ActiveCfg = Debug|Any CPU
		{4493E9F7-5E5B-4EC1-B0E8-4B2D429DF66F}.Debug|Any CPU.Build.0 = Debug|Any CPU
		{4493E9F7-5E5B-4EC1-B0E8-4B2D429DF66F}.Debug|x64.ActiveCfg = Debug|Any CPU
		{4493E9F7-5E5B-4EC1-B0E8-4B2D429DF66F}.Debug|x64.Build.0 = Debug|Any CPU
		{4493E9F7-5E5B-4EC1-B0E8-4B2D429DF66F}.Debug|x86.ActiveCfg = Debug|Any CPU
		{4493E9F7-5E5B-4EC1-B0E8-4B2D429DF66F}.Debug|x86.Build.0 = Debug|Any CPU
		{4493E9F7-5E5B-4EC1-B0E8-4B2D429DF66F}.Release|Any CPU.ActiveCfg = Release|Any CPU
		{4493E9F7-5E5B-4EC1-B0E8-4B2D429DF66F}.Release|Any CPU.Build.0 = Release|Any CPU
		{4493E9F7-5E5B-4EC1-B0E8-4B2D429DF66F}.Release|x64.ActiveCfg = Release|Any CPU
		{4493E9F7-5E5B-4EC1-B0E8-4B2D429DF66F}.Release|x64.Build.0 = Release|Any CPU
		{4493E9F7-5E5B-4EC1-B0E8-4B2D429DF66F}.Release|x86.ActiveCfg = Release|Any CPU
		{4493E9F7-5E5B-4EC1-B0E8-4B2D429DF66F}.Release|x86.Build.0 = Release|Any CPU
		{1885E57D-B566-4042-8C83-359AFB28D2DA}.Debug|Any CPU.ActiveCfg = Debug|Any CPU
		{1885E57D-B566-4042-8C83-359AFB28D2DA}.Debug|Any CPU.Build.0 = Debug|Any CPU
		{1885E57D-B566-4042-8C83-359AFB28D2DA}.Debug|x64.ActiveCfg = Debug|Any CPU
		{1885E57D-B566-4042-8C83-359AFB28D2DA}.Debug|x64.Build.0 = Debug|Any CPU
		{1885E57D-B566-4042-8C83-359AFB28D2DA}.Debug|x86.ActiveCfg = Debug|Any CPU
		{1885E57D-B566-4042-8C83-359AFB28D2DA}.Debug|x86.Build.0 = Debug|Any CPU
		{1885E57D-B566-4042-8C83-359AFB28D2DA}.Release|Any CPU.ActiveCfg = Release|Any CPU
		{1885E57D-B566-4042-8C83-359AFB28D2DA}.Release|Any CPU.Build.0 = Release|Any CPU
		{1885E57D-B566-4042-8C83-359AFB28D2DA}.Release|x64.ActiveCfg = Release|Any CPU
		{1885E57D-B566-4042-8C83-359AFB28D2DA}.Release|x64.Build.0 = Release|Any CPU
		{1885E57D-B566-4042-8C83-359AFB28D2DA}.Release|x86.ActiveCfg = Release|Any CPU
		{1885E57D-B566-4042-8C83-359AFB28D2DA}.Release|x86.Build.0 = Release|Any CPU
		{4EFED9C5-BE25-4F21-98A5-756E6AC54212}.Debug|Any CPU.ActiveCfg = Debug|Any CPU
		{4EFED9C5-BE25-4F21-98A5-756E6AC54212}.Debug|Any CPU.Build.0 = Debug|Any CPU
		{4EFED9C5-BE25-4F21-98A5-756E6AC54212}.Debug|x64.ActiveCfg = Debug|Any CPU
		{4EFED9C5-BE25-4F21-98A5-756E6AC54212}.Debug|x64.Build.0 = Debug|Any CPU
		{4EFED9C5-BE25-4F21-98A5-756E6AC54212}.Debug|x86.ActiveCfg = Debug|Any CPU
		{4EFED9C5-BE25-4F21-98A5-756E6AC54212}.Debug|x86.Build.0 = Debug|Any CPU
		{4EFED9C5-BE25-4F21-98A5-756E6AC54212}.Release|Any CPU.ActiveCfg = Release|Any CPU
		{4EFED9C5-BE25-4F21-98A5-756E6AC54212}.Release|Any CPU.Build.0 = Release|Any CPU
		{4EFED9C5-BE25-4F21-98A5-756E6AC54212}.Release|x64.ActiveCfg = Release|Any CPU
		{4EFED9C5-BE25-4F21-98A5-756E6AC54212}.Release|x64.Build.0 = Release|Any CPU
		{4EFED9C5-BE25-4F21-98A5-756E6AC54212}.Release|x86.ActiveCfg = Release|Any CPU
		{4EFED9C5-BE25-4F21-98A5-756E6AC54212}.Release|x86.Build.0 = Release|Any CPU
	EndGlobalSection
	GlobalSection(NestedProjects) = preSolution
		{90E4E75C-2244-49F1-959B-87C7234D26FF} = {BF2778B8-5CAD-492D-9D8A-44D462007EA0}
		{81F1DF57-1792-49D2-B609-286900EC936B} = {BF2778B8-5CAD-492D-9D8A-44D462007EA0}
		{7A0F565D-6B46-47B3-95B1-87F3F64F411E} = {E91B12F6-E2FE-4811-893F-FFD07CF28BB8}
		{4493E9F7-5E5B-4EC1-B0E8-4B2D429DF66F} = {E91B12F6-E2FE-4811-893F-FFD07CF28BB8}
		{1885E57D-B566-4042-8C83-359AFB28D2DA} = {AFE9858B-584F-4E16-966C-6796F2D4E2DE}
		{4EFED9C5-BE25-4F21-98A5-756E6AC54212} = {AFE9858B-584F-4E16-966C-6796F2D4E2DE}
	EndGlobalSection
EndGlobal
